{
  "name": "binaryen-gc",
  "version": "0.1.0",
  "lockfileVersion": 3,
  "requires": true,
  "packages": {
    "": {
      "name": "binaryen-gc",
      "version": "0.1.0",
      "license": "ISC",
      "devDependencies": {
        "typescript": "^5.4.5"
      },
      "peerDependencies": {
        "binaryen": "^117.0.0"
      }
    },
    "node_modules/binaryen": {
      "version": "117.0.0",
      "resolved": "https://registry.npmjs.org/binaryen/-/binaryen-117.0.0.tgz",
      "integrity": "sha512-1D+O881OXxY737WPKfIgEscCn3vWGqTsd0m5nGKzvbtadVYw5pZ3eebineH/oV5c/rAW80Bojrsa6firSSIsUw==",
      "peer": true,
      "bin": {
        "wasm-as": "bin/wasm-as",
        "wasm-ctor-eval": "bin/wasm-ctor-eval",
        "wasm-dis": "bin/wasm-dis",
        "wasm-merge": "bin/wasm-merge",
        "wasm-metadce": "bin/wasm-metadce",
        "wasm-opt": "bin/wasm-opt",
        "wasm-reduce": "bin/wasm-reduce",
        "wasm-shell": "bin/wasm-shell",
        "wasm2js": "bin/wasm2js"
      }
    },
    "node_modules/typescript": {
      "version": "5.4.5",
      "resolved": "https://registry.npmjs.org/typescript/-/typescript-5.4.5.tgz",
      "integrity": "sha512-vcI4UpRgg81oIRUFwR0WSIHKt11nJ7SAVlYNIu+QpqeyXP+gpQJy/Z4+F0aGxSE4MqwjyXvW/TzgkLAx2AGHwQ==",
      "dev": true,
      "bin": {
        "tsc": "bin/tsc",
        "tsserver": "bin/tsserver"
      },
      "engines": {
        "node": ">=14.17"
      }
    }
  }
}
